
Microsoft Visual Studio Solution File, Format Version 12.00
# Visual Studio Version 16
VisualStudioVersion = 25.0.1705.2
MinimumVisualStudioVersion = 10.0.40219.1
Project("{FAE04EC0-301F-11D3-BF4B-00C04F79EFBC}") = "WebApp", "WebApp\WebApp.csproj", "{686007CF-5CFE-4EDA-B29B-180384883D8B}"
EndProject
Global
	GlobalSection(SolutionConfigurationPlatforms) = preSolution
		Debug|Any CPU = Debug|Any CPU
		Release|Any CPU = Release|Any CPU
	EndGlobalSection
	GlobalSection(ProjectConfigurationPlatforms) = postSolution
		{686007CF-5CFE-4EDA-B29B-180384883D8B}.Debug|Any CPU.ActiveCfg = Debug|Any CPU
		{686007CF-5CFE-4EDA-B29B-180384883D8B}.Debug|Any CPU.Build.0 = Debug|Any CPU
		{686007CF-5CFE-4EDA-B29B-180384883D8B}.Release|Any CPU.ActiveCfg = Release|Any CPU
		{686007CF-5CFE-4EDA-B29B-180384883D8B}.Release|Any CPU.Build.0 = Release|Any CPU
	EndGlobalSection
	GlobalSection(SolutionProperties) = preSolution
		HideSolutionNode = FALSE
	EndGlobalSection
	GlobalSection(ExtensibilityGlobals) = postSolution
		SolutionGuid = {5C3EE6C6-EAFF-468D-81CC-07B86585663C}
	EndGlobalSection
EndGlobal
